// !$*UTF8*$!
{
	archiveVersion = 1;
	classes = {
	};
	objectVersion = 50;
	objects = {

/* Begin PBXBuildFile section */
		88E7DD1425FE4E5200C718BD /* AppDelegate.swift in Sources */ = {isa = PBXBuildFile; fileRef = 88E7DD1325FE4E5200C718BD /* AppDelegate.swift */; };
		88E7DD1625FE4E5200C718BD /* SceneDelegate.swift in Sources */ = {isa = PBXBuildFile; fileRef = 88E7DD1525FE4E5200C718BD /* SceneDelegate.swift */; };
		88E7DD1825FE4E5200C718BD /* WelcomeVC.swift in Sources */ = {isa = PBXBuildFile; fileRef = 88E7DD1725FE4E5200C718BD /* WelcomeVC.swift */; };
		88E7DD1B25FE4E5200C718BD /* Main.storyboard in Resources */ = {isa = PBXBuildFile; fileRef = 88E7DD1925FE4E5200C718BD /* Main.storyboard */; };
		88E7DD1D25FE4E5300C718BD /* Assets.xcassets in Resources */ = {isa = PBXBuildFile; fileRef = 88E7DD1C25FE4E5300C718BD /* Assets.xcassets */; };
		88E7DD2025FE4E5300C718BD /* LaunchScreen.storyboard in Resources */ = {isa = PBXBuildFile; fileRef = 88E7DD1E25FE4E5300C718BD /* LaunchScreen.storyboard */; };
		88E7DD2A25FE569C00C718BD /* BorderButton.swift in Sources */ = {isa = PBXBuildFile; fileRef = 88E7DD2925FE569C00C718BD /* BorderButton.swift */; };
		88F9D881260003C5007C7E8D /* LeagueVC.swift in Sources */ = {isa = PBXBuildFile; fileRef = 88F9D880260003C5007C7E8D /* LeagueVC.swift */; };
		88F9D884260003E9007C7E8D /* SkillVC.swift in Sources */ = {isa = PBXBuildFile; fileRef = 88F9D883260003E9007C7E8D /* SkillVC.swift */; };
/* End PBXBuildFile section */

/* Begin PBXFileReference section */
		88E7DD1025FE4E5200C718BD /* app-swoosh.app */ = {isa = PBXFileReference; explicitFileType = wrapper.application; includeInIndex = 0; path = "app-swoosh.app"; sourceTree = BUILT_PRODUCTS_DIR; };
		88E7DD1325FE4E5200C718BD /* AppDelegate.swift */ = {isa = PBXFileReference; lastKnownFileType = sourcecode.swift; path = AppDelegate.swift; sourceTree = "<group>"; };
		88E7DD1525FE4E5200C718BD /* SceneDelegate.swift */ = {isa = PBXFileReference; lastKnownFileType = sourcecode.swift; path = SceneDelegate.swift; sourceTree = "<group>"; };
		88E7DD1725FE4E5200C718BD /* WelcomeVC.swift */ = {isa = PBXFileReference; lastKnownFileType = sourcecode.swift; path = WelcomeVC.swift; sourceTree = "<group>"; };
		88E7DD1A25FE4E5200C718BD /* Base */ = {isa = PBXFileReference; lastKnownFileType = file.storyboard; name = Base; path = Base.lproj/Main.storyboard; sourceTree = "<group>"; };
		88E7DD1C25FE4E5300C718BD /* Assets.xcassets */ = {isa = PBXFileReference; lastKnownFileType = folder.assetcatalog; path = Assets.xcassets; sourceTree = "<group>"; };
		88E7DD1F25FE4E5300C718BD /* Base */ = {isa = PBXFileReference; lastKnownFileType = file.storyboard; name = Base; path = Base.lproj/LaunchScreen.storyboard; sourceTree = "<group>"; };
		88E7DD2125FE4E5300C718BD /* Info.plist */ = {isa = PBXFileReference; lastKnownFileType = text.plist.xml; path = Info.plist; sourceTree = "<group>"; };
		88E7DD2925FE569C00C718BD /* BorderButton.swift */ = {isa = PBXFileReference; lastKnownFileType = sourcecode.swift; path = BorderButton.swift; sourceTree = "<group>"; };
		88F9D880260003C5007C7E8D /* LeagueVC.swift */ = {isa = PBXFileReference; lastKnownFileType = sourcecode.swift; path = LeagueVC.swift; sourceTree = "<group>"; };
		88F9D883260003E9007C7E8D /* SkillVC.swift */ = {isa = PBXFileReference; lastKnownFileType = sourcecode.swift; path = SkillVC.swift; sourceTree = "<group>"; };
/* End PBXFileReference section */

/* Begin PBXFrameworksBuildPhase section */
		88E7DD0D25FE4E5200C718BD /* Frameworks */ = {
			isa = PBXFrameworksBuildPhase;
			buildActionMask = 2147483647;
			files = (
			);
			runOnlyForDeploymentPostprocessing = 0;
		};
/* End PBXFrameworksBuildPhase section */

/* Begin PBXGroup section */
		8889E500260002850069C690 /* Controller */ = {
			isa = PBXGroup;
			children = (
				88E7DD1725FE4E5200C718BD /* WelcomeVC.swift */,
				88F9D880260003C5007C7E8D /* LeagueVC.swift */,
				88F9D883260003E9007C7E8D /* SkillVC.swift */,
			);
			path = Controller;
			sourceTree = "<group>";
		};
		8889E501260002950069C690 /* Model */ = {
			isa = PBXGroup;
			children = (
			);
			path = Model;
			sourceTree = "<group>";
		};
		88E7DD0725FE4E5100C718BD = {
			isa = PBXGroup;
			children = (
				88E7DD1225FE4E5200C718BD /* app-swoosh */,
				88E7DD1125FE4E5200C718BD /* Products */,
			);
			sourceTree = "<group>";
		};
		88E7DD1125FE4E5200C718BD /* Products */ = {
			isa = PBXGroup;
			children = (
				88E7DD1025FE4E5200C718BD /* app-swoosh.app */,
			);
			name = Products;
			sourceTree = "<group>";
		};
		88E7DD1225FE4E5200C718BD /* app-swoosh */ = {
			isa = PBXGroup;
			children = (
				8889E501260002950069C690 /* Model */,
				8889E500260002850069C690 /* Controller */,
				88E7DD2825FE562300C718BD /* View */,
				88E7DD1325FE4E5200C718BD /* AppDelegate.swift */,
				88E7DD1525FE4E5200C718BD /* SceneDelegate.swift */,
				88E7DD1925FE4E5200C718BD /* Main.storyboard */,
				88E7DD1C25FE4E5300C718BD /* Assets.xcassets */,
				88E7DD1E25FE4E5300C718BD /* LaunchScreen.storyboard */,
				88E7DD2125FE4E5300C718BD /* Info.plist */,
			);
			path = "app-swoosh";
			sourceTree = "<group>";
		};
		88E7DD2825FE562300C718BD /* View */ = {
			isa = PBXGroup;
			children = (
				88E7DD2925FE569C00C718BD /* BorderButton.swift */,
			);
			path = View;
			sourceTree = "<group>";
		};
/* End PBXGroup section */

/* Begin PBXNativeTarget section */
		88E7DD0F25FE4E5200C718BD /* app-swoosh */ = {
			isa = PBXNativeTarget;
			buildConfigurationList = 88E7DD2425FE4E5300C718BD /* Build configuration list for PBXNativeTarget "app-swoosh" */;
			buildPhases = (
				88E7DD0C25FE4E5200C718BD /* Sources */,
				88E7DD0D25FE4E5200C718BD /* Frameworks */,
				88E7DD0E25FE4E5200C718BD /* Resources */,
			);
			buildRules = (
			);
			dependencies = (
			);
			name = "app-swoosh";
			productName = "app-swoosh";
			productReference = 88E7DD1025FE4E5200C718BD /* app-swoosh.app */;
			productType = "com.apple.product-type.application";
		};
/* End PBXNativeTarget section */

/* Begin PBXProject section */
		88E7DD0825FE4E5100C718BD /* Project object */ = {
			isa = PBXProject;
			attributes = {
				LastSwiftUpdateCheck = 1240;
				LastUpgradeCheck = 1240;
				TargetAttributes = {
					88E7DD0F25FE4E5200C718BD = {
						CreatedOnToolsVersion = 12.4;
					};
				};
			};
			buildConfigurationList = 88E7DD0B25FE4E5100C718BD /* Build configuration list for PBXProject "app-swoosh" */;
			compatibilityVersion = "Xcode 9.3";
			developmentRegion = en;
			hasScannedForEncodings = 0;
			knownRegions = (
				en,
				Base,
			);
			mainGroup = 88E7DD0725FE4E5100C718BD;
			productRefGroup = 88E7DD1125FE4E5200C718BD /* Products */;
			projectDirPath = "";
			projectRoot = "";
			targets = (
				88E7DD0F25FE4E5200C718BD /* app-swoosh */,
			);
		};
/* End PBXProject section */

/* Begin PBXResourcesBuildPhase section */
		88E7DD0E25FE4E5200C718BD /* Resources */ = {
			isa = PBXResourcesBuildPhase;
			buildActionMask = 2147483647;
			files = (
				88E7DD2025FE4E5300C718BD /* LaunchScreen.storyboard in Resources */,
				88E7DD1D25FE4E5300C718BD /* Assets.xcassets in Resources */,
				88E7DD1B25FE4E5200C718BD /* Main.storyboard in Resources */,
			);
			runOnlyForDeploymentPostprocessing = 0;
		};
/* End PBXResourcesBuildPhase section */

/* Begin PBXSourcesBuildPhase section */
		88E7DD0C25FE4E5200C718BD /* Sources */ = {
			isa = PBXSourcesBuildPhase;
			buildActionMask = 2147483647;
			files = (
				88F9D881260003C5007C7E8D /* LeagueVC.swift in Sources */,
				88E7DD1825FE4E5200C718BD /* WelcomeVC.swift in Sources */,
				88E7DD1425FE4E5200C718BD /* AppDelegate.swift in Sources */,
				88E7DD1625FE4E5200C718BD /* SceneDelegate.swift in Sources */,
				88F9D884260003E9007C7E8D /* SkillVC.swift in Sources */,
				88E7DD2A25FE569C00C718BD /* BorderButton.swift in Sources */,
			);
			runOnlyForDeploymentPostprocessing = 0;
		};
/* End PBXSourcesBuildPhase section */

/* Begin PBXVariantGroup section */
		88E7DD1925FE4E5200C718BD /* Main.storyboard */ = {
			isa = PBXVariantGroup;
			children = (
				88E7DD1A25FE4E5200C718BD /* Base */,
			);
			name = Main.storyboard;
			sourceTree = "<group>";
		};
		88E7DD1E25FE4E5300C718BD /* LaunchScreen.storyboard */ = {
			isa = PBXVariantGroup;
			children = (
				88E7DD1F25FE4E5300C718BD /* Base */,
			);
			name = LaunchScreen.storyboard;
			sourceTree = "<group>";
		};
/* End PBXVariantGroup section */

/* Begin XCBuildConfiguration section */
		88E7DD2225FE4E5300C718BD /* Debug */ = {
			isa = XCBuildConfiguration;
			buildSettings = {
				ALWAYS_SEARCH_USER_PATHS = NO;
				CLANG_ANALYZER_NONNULL = YES;
				CLANG_ANALYZER_NUMBER_OBJECT_CONVERSION = YES_AGGRESSIVE;
				CLANG_CXX_LANGUAGE_STANDARD = "gnu++14";
				CLANG_CXX_LIBRARY = "libc++";
				CLANG_ENABLE_MODULES = YES;
				CLANG_ENABLE_OBJC_ARC = YES;
				CLANG_ENABLE_OBJC_WEAK = YES;
				CLANG_WARN_BLOCK_CAPTURE_AUTORELEASING = YES;
				CLANG_WARN_BOOL_CONVERSION = YES;
				CLANG_WARN_COMMA = YES;
				CLANG_WARN_CONSTANT_CONVERSION = YES;
				CLANG_WARN_DEPRECATED_OBJC_IMPLEMENTATIONS = YES;
				CLANG_WARN_DIRECT_OBJC_ISA_USAGE = YES_ERROR;
				CLANG_WARN_DOCUMENTATION_COMMENTS = YES;
				CLANG_WARN_EMPTY_BODY = YES;
				CLANG_WARN_ENUM_CONVERSION = YES;
				CLANG_WARN_INFINITE_RECURSION = YES;
				CLANG_WARN_INT_CONVERSION = YES;
				CLANG_WARN_NON_LITERAL_NULL_CONVERSION = YES;
				CLANG_WARN_OBJC_IMPLICIT_RETAIN_SELF = YES;
				CLANG_WARN_OBJC_LITERAL_CONVERSION = YES;
				CLANG_WARN_OBJC_ROOT_CLASS = YES_ERROR;
				CLANG_WARN_QUOTED_INCLUDE_IN_FRAMEWORK_HEADER = YES;
				CLANG_WARN_RANGE_LOOP_ANALYSIS = YES;
				CLANG_WARN_STRICT_PROTOTYPES = YES;
				CLANG_WARN_SUSPICIOUS_MOVE = YES;
				CLANG_WARN_UNGUARDED_AVAILABILITY = YES_AGGRESSIVE;
				CLANG_WARN_UNREACHABLE_CODE = YES;
				CLANG_WARN__DUPLICATE_METHOD_MATCH = YES;
				COPY_PHASE_STRIP = NO;
				DEBUG_INFORMATION_FORMAT = dwarf;
				ENABLE_STRICT_OBJC_MSGSEND = YES;
				ENABLE_TESTABILITY = YES;
				GCC_C_LANGUAGE_STANDARD = gnu11;
				GCC_DYNAMIC_NO_PIC = NO;
				GCC_NO_COMMON_BLOCKS = YES;
				GCC_OPTIMIZATION_LEVEL = 0;
				GCC_PREPROCESSOR_DEFINITIONS = (
					"DEBUG=1",
					"$(inherited)",
				);
				GCC_WARN_64_TO_32_BIT_CONVERSION = YES;
				GCC_WARN_ABOUT_RETURN_TYPE = YES_ERROR;
				GCC_WARN_UNDECLARED_SELECTOR = YES;
				GCC_WARN_UNINITIALIZED_AUTOS = YES_AGGRESSIVE;
				GCC_WARN_UNUSED_FUNCTION = YES;
				GCC_WARN_UNUSED_VARIABLE = YES;
				IPHONEOS_DEPLOYMENT_TARGET = 14.4;
				MTL_ENABLE_DEBUG_INFO = INCLUDE_SOURCE;
				MTL_FAST_MATH = YES;
				ONLY_ACTIVE_ARCH = YES;
				SDKROOT = iphoneos;
				SWIFT_ACTIVE_COMPILATION_CONDITIONS = DEBUG;
				SWIFT_OPTIMIZATION_LEVEL = "-Onone";
			};
			name = Debug;
		};
		88E7DD2325FE4E5300C718BD /* Release */ = {
			isa = XCBuildConfiguration;
			buildSettings = {
				ALWAYS_SEARCH_USER_PATHS = NO;
				CLANG_ANALYZER_NONNULL = YES;
				CLANG_ANALYZER_NUMBER_OBJECT_CONVERSION = YES_AGGRESSIVE;
				CLANG_CXX_LANGUAGE_STANDARD = "gnu++14";
				CLANG_CXX_LIBRARY = "libc++";
				CLANG_ENABLE_MODULES = YES;
				CLANG_ENABLE_OBJC_ARC = YES;
				CLANG_ENABLE_OBJC_WEAK = YES;
				CLANG_WARN_BLOCK_CAPTURE_AUTORELEASING = YES;
				CLANG_WARN_BOOL_CONVERSION = YES;
				CLANG_WARN_COMMA = YES;
				CLANG_WARN_CONSTANT_CONVERSION = YES;
				CLANG_WARN_DEPRECATED_OBJC_IMPLEMENTATIONS = YES;
				CLANG_WARN_DIRECT_OBJC_ISA_USAGE = YES_ERROR;
				CLANG_WARN_DOCUMENTATION_COMMENTS = YES;
				CLANG_WARN_EMPTY_BODY = YES;
				CLANG_WARN_ENUM_CONVERSION = YES;
				CLANG_WARN_INFINITE_RECURSION = YES;
				CLANG_WARN_INT_CONVERSION = YES;
				CLANG_WARN_NON_LITERAL_NULL_CONVERSION = YES;
				CLANG_WARN_OBJC_IMPLICIT_RETAIN_SELF = YES;
				CLANG_WARN_OBJC_LITERAL_CONVERSION = YES;
				CLANG_WARN_OBJC_ROOT_CLASS = YES_ERROR;
				CLANG_WARN_QUOTED_INCLUDE_IN_FRAMEWORK_HEADER = YES;
				CLANG_WARN_RANGE_LOOP_ANALYSIS = YES;
				CLANG_WARN_STRICT_PROTOTYPES = YES;
				CLANG_WARN_SUSPICIOUS_MOVE = YES;
				CLANG_WARN_UNGUARDED_AVAILABILITY = YES_AGGRESSIVE;
				CLANG_WARN_UNREACHABLE_CODE = YES;
				CLANG_WARN__DUPLICATE_METHOD_MATCH = YES;
				COPY_PHASE_STRIP = NO;
				DEBUG_INFORMATION_FORMAT = "dwarf-with-dsym";
				ENABLE_NS_ASSERTIONS = NO;
				ENABLE_STRICT_OBJC_MSGSEND = YES;
				GCC_C_LANGUAGE_STANDARD = gnu11;
				GCC_NO_COMMON_BLOCKS = YES;
				GCC_WARN_64_TO_32_BIT_CONVERSION = YES;
				GCC_WARN_ABOUT_RETURN_TYPE = YES_ERROR;
				GCC_WARN_UNDECLARED_SELECTOR = YES;
				GCC_WARN_UNINITIALIZED_AUTOS = YES_AGGRESSIVE;
				GCC_WARN_UNUSED_FUNCTION = YES;
				GCC_WARN_UNUSED_VARIABLE = YES;
				IPHONEOS_DEPLOYMENT_TARGET = 14.4;
				MTL_ENABLE_DEBUG_INFO = NO;
				MTL_FAST_MATH = YES;
				SDKROOT = iphoneos;
				SWIFT_COMPILATION_MODE = wholemodule;
				SWIFT_OPTIMIZATION_LEVEL = "-O";
				VALIDATE_PRODUCT = YES;
			};
			name = Release;
		};
		88E7DD2525FE4E5300C718BD /* Debug */ = {
			isa = XCBuildConfiguration;
			buildSettings = {
				ASSETCATALOG_COMPILER_APPICON_NAME = AppIcon;
				ASSETCATALOG_COMPILER_GLOBAL_ACCENT_COLOR_NAME = AccentColor;
				CODE_SIGN_STYLE = Automatic;
				DEVELOPMENT_TEAM = V8SNZMU55F;
				INFOPLIST_FILE = "app-swoosh/Info.plist";
				LD_RUNPATH_SEARCH_PATHS = (
					"$(inherited)",
					"@executable_path/Frameworks",
				);
				PRODUCT_BUNDLE_IDENTIFIER = "com.ivailoalexandrov.app-swoosh";
				PRODUCT_NAME = "$(TARGET_NAME)";
				SWIFT_VERSION = 5.0;
				TARGETED_DEVICE_FAMILY = "1,2";
			};
			name = Debug;
		};
		88E7DD2625FE4E5300C718BD /* Release */ = {
			isa = XCBuildConfiguration;
			buildSettings = {
				ASSETCATALOG_COMPILER_APPICON_NAME = AppIcon;
				ASSETCATALOG_COMPILER_GLOBAL_ACCENT_COLOR_NAME = AccentColor;
				CODE_SIGN_STYLE = Automatic;
				DEVELOPMENT_TEAM = V8SNZMU55F;
				INFOPLIST_FILE = "app-swoosh/Info.plist";
				LD_RUNPATH_SEARCH_PATHS = (
					"$(inherited)",
					"@executable_path/Frameworks",
				);
				PRODUCT_BUNDLE_IDENTIFIER = "com.ivailoalexandrov.app-swoosh";
				PRODUCT_NAME = "$(TARGET_NAME)";
				SWIFT_VERSION = 5.0;
				TARGETED_DEVICE_FAMILY = "1,2";
			};
			name = Release;
		};
/* End XCBuildConfiguration section */

/* Begin XCConfigurationList section */
		88E7DD0B25FE4E5100C718BD /* Build configuration list for PBXProject "app-swoosh" */ = {
			isa = XCConfigurationList;
			buildConfigurations = (
				88E7DD2225FE4E5300C718BD /* Debug */,
				88E7DD2325FE4E5300C718BD /* Release */,
			);
			defaultConfigurationIsVisible = 0;
			defaultConfigurationName = Release;
		};
		88E7DD2425FE4E5300C718BD /* Build configuration list for PBXNativeTarget "app-swoosh" */ = {
			isa = XCConfigurationList;
			buildConfigurations = (
				88E7DD2525FE4E5300C718BD /* Debug */,
				88E7DD2625FE4E5300C718BD /* Release */,
			);
			defaultConfigurationIsVisible = 0;
			defaultConfigurationName = Release;
		};
/* End XCConfigurationList section */
	};
	rootObject = 88E7DD0825FE4E5100C718BD /* Project object */;
}
